// !$*UTF8*$!
{
	archiveVersion = 1;
	classes = {
	};
	objectVersion = 50;
	objects = {

/* Begin PBXBuildFile section */
		73460B24237CAA8000795C4B /* LaunchScreen.storyboard in Resources */ = {isa = PBXBuildFile; fileRef = 73460B23237CAA8000795C4B /* LaunchScreen.storyboard */; };
		73FB5033237CA524009561F0 /* AppDelegate.swift in Sources */ = {isa = PBXBuildFile; fileRef = 73FB5032237CA524009561F0 /* AppDelegate.swift */; };
		73FB503C237CA568009561F0 /* Assets.xcassets in Resources */ = {isa = PBXBuildFile; fileRef = 73FB503B237CA568009561F0 /* Assets.xcassets */; };
		73FB504A237CA56B009561F0 /* MyPubTests.swift in Sources */ = {isa = PBXBuildFile; fileRef = 73FB5049237CA56B009561F0 /* MyPubTests.swift */; };
		73FB5055237CA82F009561F0 /* FeatureTabBarController.swift in Sources */ = {isa = PBXBuildFile; fileRef = 73FB5054237CA82F009561F0 /* FeatureTabBarController.swift */; };
		73FB5059237CA93A009561F0 /* CocktailRecipes.json in Resources */ = {isa = PBXBuildFile; fileRef = 73FB5056237CA93A009561F0 /* CocktailRecipes.json */; };
		73FB505B237CA93A009561F0 /* Ingredients.json in Resources */ = {isa = PBXBuildFile; fileRef = 73FB5058237CA93A009561F0 /* Ingredients.json */; };
/* End PBXBuildFile section */

/* Begin PBXContainerItemProxy section */
		73FB5046237CA56A009561F0 /* PBXContainerItemProxy */ = {
			isa = PBXContainerItemProxy;
			containerPortal = 73FB5027237CA524009561F0 /* Project object */;
			proxyType = 1;
			remoteGlobalIDString = 73FB502E237CA524009561F0;
			remoteInfo = MyPub;
		};
/* End PBXContainerItemProxy section */

/* Begin PBXFileReference section */
		73460B23237CAA8000795C4B /* LaunchScreen.storyboard */ = {isa = PBXFileReference; fileEncoding = 4; lastKnownFileType = file.storyboard; path = LaunchScreen.storyboard; sourceTree = "<group>"; };
		73FB502F237CA524009561F0 /* MyPub.app */ = {isa = PBXFileReference; explicitFileType = wrapper.application; includeInIndex = 0; path = MyPub.app; sourceTree = BUILT_PRODUCTS_DIR; };
		73FB5032237CA524009561F0 /* AppDelegate.swift */ = {isa = PBXFileReference; lastKnownFileType = sourcecode.swift; path = AppDelegate.swift; sourceTree = "<group>"; };
		73FB503B237CA568009561F0 /* Assets.xcassets */ = {isa = PBXFileReference; lastKnownFileType = folder.assetcatalog; path = Assets.xcassets; sourceTree = "<group>"; };
		73FB5040237CA568009561F0 /* Info.plist */ = {isa = PBXFileReference; lastKnownFileType = text.plist.xml; path = Info.plist; sourceTree = "<group>"; };
		73FB5045237CA56A009561F0 /* MyPubTests.xctest */ = {isa = PBXFileReference; explicitFileType = wrapper.cfbundle; includeInIndex = 0; path = MyPubTests.xctest; sourceTree = BUILT_PRODUCTS_DIR; };
		73FB5049237CA56B009561F0 /* MyPubTests.swift */ = {isa = PBXFileReference; lastKnownFileType = sourcecode.swift; path = MyPubTests.swift; sourceTree = "<group>"; };
		73FB504B237CA56B009561F0 /* Info.plist */ = {isa = PBXFileReference; lastKnownFileType = text.plist.xml; path = Info.plist; sourceTree = "<group>"; };
		73FB5054237CA82F009561F0 /* FeatureTabBarController.swift */ = {isa = PBXFileReference; lastKnownFileType = sourcecode.swift; path = FeatureTabBarController.swift; sourceTree = "<group>"; };
		73FB5056237CA93A009561F0 /* CocktailRecipes.json */ = {isa = PBXFileReference; fileEncoding = 4; lastKnownFileType = text.json; path = CocktailRecipes.json; sourceTree = "<group>"; };
		73FB5058237CA93A009561F0 /* Ingredients.json */ = {isa = PBXFileReference; fileEncoding = 4; lastKnownFileType = text.json; path = Ingredients.json; sourceTree = "<group>"; };
/* End PBXFileReference section */

/* Begin PBXFrameworksBuildPhase section */
		73FB502C237CA524009561F0 /* Frameworks */ = {
			isa = PBXFrameworksBuildPhase;
			buildActionMask = 2147483647;
			files = (
			);
			runOnlyForDeploymentPostprocessing = 0;
		};
		73FB5042237CA56A009561F0 /* Frameworks */ = {
			isa = PBXFrameworksBuildPhase;
			buildActionMask = 2147483647;
			files = (
			);
			runOnlyForDeploymentPostprocessing = 0;
		};
/* End PBXFrameworksBuildPhase section */

/* Begin PBXGroup section */
		73460B22237CAA6100795C4B /* SupportingFiles */ = {
			isa = PBXGroup;
			children = (
				73FB5056237CA93A009561F0 /* CocktailRecipes.json */,
				73FB5058237CA93A009561F0 /* Ingredients.json */,
				73460B23237CAA8000795C4B /* LaunchScreen.storyboard */,
			);
			path = SupportingFiles;
			sourceTree = "<group>";
		};
		73FB5026237CA524009561F0 = {
			isa = PBXGroup;
			children = (
				73FB5031237CA524009561F0 /* MyPub */,
				73FB5048237CA56B009561F0 /* MyPubTests */,
				73FB5030237CA524009561F0 /* Products */,
			);
			sourceTree = "<group>";
		};
		73FB5030237CA524009561F0 /* Products */ = {
			isa = PBXGroup;
			children = (
				73FB502F237CA524009561F0 /* MyPub.app */,
				73FB5045237CA56A009561F0 /* MyPubTests.xctest */,
			);
			name = Products;
			sourceTree = "<group>";
		};
		73FB5031237CA524009561F0 /* MyPub */ = {
			isa = PBXGroup;
			children = (
				73FB5032237CA524009561F0 /* AppDelegate.swift */,
				73FB503B237CA568009561F0 /* Assets.xcassets */,
				73FB5040237CA568009561F0 /* Info.plist */,
				73FB5054237CA82F009561F0 /* FeatureTabBarController.swift */,
				73460B22237CAA6100795C4B /* SupportingFiles */,
			);
			path = MyPub;
			sourceTree = "<group>";
		};
		73FB5048237CA56B009561F0 /* MyPubTests */ = {
			isa = PBXGroup;
			children = (
				73FB5049237CA56B009561F0 /* MyPubTests.swift */,
				73FB504B237CA56B009561F0 /* Info.plist */,
			);
			path = MyPubTests;
			sourceTree = "<group>";
		};
/* End PBXGroup section */

/* Begin PBXNativeTarget section */
		73FB502E237CA524009561F0 /* MyPub */ = {
			isa = PBXNativeTarget;
			buildConfigurationList = 73FB504E237CA56B009561F0 /* Build configuration list for PBXNativeTarget "MyPub" */;
			buildPhases = (
				73FB502B237CA524009561F0 /* Sources */,
				73FB502C237CA524009561F0 /* Frameworks */,
				73FB502D237CA524009561F0 /* Resources */,
			);
			buildRules = (
			);
			dependencies = (
			);
			name = MyPub;
			productName = MyPub;
			productReference = 73FB502F237CA524009561F0 /* MyPub.app */;
			productType = "com.apple.product-type.application";
		};
		73FB5044237CA56A009561F0 /* MyPubTests */ = {
			isa = PBXNativeTarget;
			buildConfigurationList = 73FB5051237CA56B009561F0 /* Build configuration list for PBXNativeTarget "MyPubTests" */;
			buildPhases = (
				73FB5041237CA56A009561F0 /* Sources */,
				73FB5042237CA56A009561F0 /* Frameworks */,
				73FB5043237CA56A009561F0 /* Resources */,
			);
			buildRules = (
			);
			dependencies = (
				73FB5047237CA56A009561F0 /* PBXTargetDependency */,
			);
			name = MyPubTests;
			productName = MyPubTests;
			productReference = 73FB5045237CA56A009561F0 /* MyPubTests.xctest */;
			productType = "com.apple.product-type.bundle.unit-test";
		};
/* End PBXNativeTarget section */

/* Begin PBXProject section */
		73FB5027237CA524009561F0 /* Project object */ = {
			isa = PBXProject;
			attributes = {
				LastSwiftUpdateCheck = 1120;
				LastUpgradeCheck = 1120;
				ORGANIZATIONNAME = "Alexander Lorkowski";
				TargetAttributes = {
					73FB502E237CA524009561F0 = {
						CreatedOnToolsVersion = 11.2.1;
					};
					73FB5044237CA56A009561F0 = {
						CreatedOnToolsVersion = 11.2.1;
						TestTargetID = 73FB502E237CA524009561F0;
					};
				};
			};
			buildConfigurationList = 73FB502A237CA524009561F0 /* Build configuration list for PBXProject "MyPub" */;
			compatibilityVersion = "Xcode 9.3";
			developmentRegion = en;
			hasScannedForEncodings = 0;
			knownRegions = (
				en,
				Base,
			);
			mainGroup = 73FB5026237CA524009561F0;
			productRefGroup = 73FB5030237CA524009561F0 /* Products */;
			projectDirPath = "";
			projectRoot = "";
			targets = (
				73FB502E237CA524009561F0 /* MyPub */,
				73FB5044237CA56A009561F0 /* MyPubTests */,
			);
		};
/* End PBXProject section */

/* Begin PBXResourcesBuildPhase section */
		73FB502D237CA524009561F0 /* Resources */ = {
			isa = PBXResourcesBuildPhase;
			buildActionMask = 2147483647;
			files = (
				73FB505B237CA93A009561F0 /* Ingredients.json in Resources */,
				73460B24237CAA8000795C4B /* LaunchScreen.storyboard in Resources */,
				73FB503C237CA568009561F0 /* Assets.xcassets in Resources */,
				73FB5059237CA93A009561F0 /* CocktailRecipes.json in Resources */,
			);
			runOnlyForDeploymentPostprocessing = 0;
		};
		73FB5043237CA56A009561F0 /* Resources */ = {
			isa = PBXResourcesBuildPhase;
			buildActionMask = 2147483647;
			files = (
			);
			runOnlyForDeploymentPostprocessing = 0;
		};
/* End PBXResourcesBuildPhase section */

/* Begin PBXSourcesBuildPhase section */
		73FB502B237CA524009561F0 /* Sources */ = {
			isa = PBXSourcesBuildPhase;
			buildActionMask = 2147483647;
			files = (
				73FB5055237CA82F009561F0 /* FeatureTabBarController.swift in Sources */,
				73FB5033237CA524009561F0 /* AppDelegate.swift in Sources */,
			);
			runOnlyForDeploymentPostprocessing = 0;
		};
		73FB5041237CA56A009561F0 /* Sources */ = {
			isa = PBXSourcesBuildPhase;
			buildActionMask = 2147483647;
			files = (
				73FB504A237CA56B009561F0 /* MyPubTests.swift in Sources */,
			);
			runOnlyForDeploymentPostprocessing = 0;
		};
/* End PBXSourcesBuildPhase section */

/* Begin PBXTargetDependency section */
		73FB5047237CA56A009561F0 /* PBXTargetDependency */ = {
			isa = PBXTargetDependency;
			target = 73FB502E237CA524009561F0 /* MyPub */;
			targetProxy = 73FB5046237CA56A009561F0 /* PBXContainerItemProxy */;
		};
/* End PBXTargetDependency section */

/* Begin XCBuildConfiguration section */
		73FB504C237CA56B009561F0 /* Debug */ = {
			isa = XCBuildConfiguration;
			buildSettings = {
				ALWAYS_SEARCH_USER_PATHS = NO;
				CLANG_ANALYZER_NONNULL = YES;
				CLANG_ANALYZER_NUMBER_OBJECT_CONVERSION = YES_AGGRESSIVE;
				CLANG_CXX_LANGUAGE_STANDARD = "gnu++14";
				CLANG_CXX_LIBRARY = "libc++";
				CLANG_ENABLE_MODULES = YES;
				CLANG_ENABLE_OBJC_ARC = YES;
				CLANG_ENABLE_OBJC_WEAK = YES;
				CLANG_WARN_BLOCK_CAPTURE_AUTORELEASING = YES;
				CLANG_WARN_BOOL_CONVERSION = YES;
				CLANG_WARN_COMMA = YES;
				CLANG_WARN_CONSTANT_CONVERSION = YES;
				CLANG_WARN_DEPRECATED_OBJC_IMPLEMENTATIONS = YES;
				CLANG_WARN_DIRECT_OBJC_ISA_USAGE = YES_ERROR;
				CLANG_WARN_DOCUMENTATION_COMMENTS = YES;
				CLANG_WARN_EMPTY_BODY = YES;
				CLANG_WARN_ENUM_CONVERSION = YES;
				CLANG_WARN_INFINITE_RECURSION = YES;
				CLANG_WARN_INT_CONVERSION = YES;
				CLANG_WARN_NON_LITERAL_NULL_CONVERSION = YES;
				CLANG_WARN_OBJC_IMPLICIT_RETAIN_SELF = YES;
				CLANG_WARN_OBJC_LITERAL_CONVERSION = YES;
				CLANG_WARN_OBJC_ROOT_CLASS = YES_ERROR;
				CLANG_WARN_RANGE_LOOP_ANALYSIS = YES;
				CLANG_WARN_STRICT_PROTOTYPES = YES;
				CLANG_WARN_SUSPICIOUS_MOVE = YES;
				CLANG_WARN_UNGUARDED_AVAILABILITY = YES_AGGRESSIVE;
				CLANG_WARN_UNREACHABLE_CODE = YES;
				CLANG_WARN__DUPLICATE_METHOD_MATCH = YES;
				COPY_PHASE_STRIP = NO;
				DEBUG_INFORMATION_FORMAT = dwarf;
				ENABLE_STRICT_OBJC_MSGSEND = YES;
				ENABLE_TESTABILITY = YES;
				GCC_C_LANGUAGE_STANDARD = gnu11;
				GCC_DYNAMIC_NO_PIC = NO;
				GCC_NO_COMMON_BLOCKS = YES;
				GCC_OPTIMIZATION_LEVEL = 0;
				GCC_PREPROCESSOR_DEFINITIONS = (
					"DEBUG=1",
					"$(inherited)",
				);
				GCC_WARN_64_TO_32_BIT_CONVERSION = YES;
				GCC_WARN_ABOUT_RETURN_TYPE = YES_ERROR;
				GCC_WARN_UNDECLARED_SELECTOR = YES;
				GCC_WARN_UNINITIALIZED_AUTOS = YES_AGGRESSIVE;
				GCC_WARN_UNUSED_FUNCTION = YES;
				GCC_WARN_UNUSED_VARIABLE = YES;
				IPHONEOS_DEPLOYMENT_TARGET = 13.2;
				MTL_ENABLE_DEBUG_INFO = INCLUDE_SOURCE;
				MTL_FAST_MATH = YES;
				ONLY_ACTIVE_ARCH = YES;
				SDKROOT = iphoneos;
				SWIFT_ACTIVE_COMPILATION_CONDITIONS = DEBUG;
				SWIFT_OPTIMIZATION_LEVEL = "-Onone";
			};
			name = Debug;
		};
		73FB504D237CA56B009561F0 /* Release */ = {
			isa = XCBuildConfiguration;
			buildSettings = {
				ALWAYS_SEARCH_USER_PATHS = NO;
				CLANG_ANALYZER_NONNULL = YES;
				CLANG_ANALYZER_NUMBER_OBJECT_CONVERSION = YES_AGGRESSIVE;
				CLANG_CXX_LANGUAGE_STANDARD = "gnu++14";
				CLANG_CXX_LIBRARY = "libc++";
				CLANG_ENABLE_MODULES = YES;
				CLANG_ENABLE_OBJC_ARC = YES;
				CLANG_ENABLE_OBJC_WEAK = YES;
				CLANG_WARN_BLOCK_CAPTURE_AUTORELEASING = YES;
				CLANG_WARN_BOOL_CONVERSION = YES;
				CLANG_WARN_COMMA = YES;
				CLANG_WARN_CONSTANT_CONVERSION = YES;
				CLANG_WARN_DEPRECATED_OBJC_IMPLEMENTATIONS = YES;
				CLANG_WARN_DIRECT_OBJC_ISA_USAGE = YES_ERROR;
				CLANG_WARN_DOCUMENTATION_COMMENTS = YES;
				CLANG_WARN_EMPTY_BODY = YES;
				CLANG_WARN_ENUM_CONVERSION = YES;
				CLANG_WARN_INFINITE_RECURSION = YES;
				CLANG_WARN_INT_CONVERSION = YES;
				CLANG_WARN_NON_LITERAL_NULL_CONVERSION = YES;
				CLANG_WARN_OBJC_IMPLICIT_RETAIN_SELF = YES;
				CLANG_WARN_OBJC_LITERAL_CONVERSION = YES;
				CLANG_WARN_OBJC_ROOT_CLASS = YES_ERROR;
				CLANG_WARN_RANGE_LOOP_ANALYSIS = YES;
				CLANG_WARN_STRICT_PROTOTYPES = YES;
				CLANG_WARN_SUSPICIOUS_MOVE = YES;
				CLANG_WARN_UNGUARDED_AVAILABILITY = YES_AGGRESSIVE;
				CLANG_WARN_UNREACHABLE_CODE = YES;
				CLANG_WARN__DUPLICATE_METHOD_MATCH = YES;
				COPY_PHASE_STRIP = NO;
				DEBUG_INFORMATION_FORMAT = "dwarf-with-dsym";
				ENABLE_NS_ASSERTIONS = NO;
				ENABLE_STRICT_OBJC_MSGSEND = YES;
				GCC_C_LANGUAGE_STANDARD = gnu11;
				GCC_NO_COMMON_BLOCKS = YES;
				GCC_WARN_64_TO_32_BIT_CONVERSION = YES;
				GCC_WARN_ABOUT_RETURN_TYPE = YES_ERROR;
				GCC_WARN_UNDECLARED_SELECTOR = YES;
				GCC_WARN_UNINITIALIZED_AUTOS = YES_AGGRESSIVE;
				GCC_WARN_UNUSED_FUNCTION = YES;
				GCC_WARN_UNUSED_VARIABLE = YES;
				IPHONEOS_DEPLOYMENT_TARGET = 13.2;
				MTL_ENABLE_DEBUG_INFO = NO;
				MTL_FAST_MATH = YES;
				SDKROOT = iphoneos;
				SWIFT_COMPILATION_MODE = wholemodule;
				SWIFT_OPTIMIZATION_LEVEL = "-O";
				VALIDATE_PRODUCT = YES;
			};
			name = Release;
		};
		73FB504F237CA56B009561F0 /* Debug */ = {
			isa = XCBuildConfiguration;
			buildSettings = {
				ASSETCATALOG_COMPILER_APPICON_NAME = AppIcon;
				CODE_SIGN_STYLE = Automatic;
				INFOPLIST_FILE = MyPub/Info.plist;
				IPHONEOS_DEPLOYMENT_TARGET = 11.0;
				LD_RUNPATH_SEARCH_PATHS = (
					"$(inherited)",
					"@executable_path/Frameworks",
				);
				PRODUCT_BUNDLE_IDENTIFIER = com.alexander.lorkowski.MyPub;
				PRODUCT_NAME = "$(TARGET_NAME)";
				SWIFT_VERSION = 5.0;
				TARGETED_DEVICE_FAMILY = 1;
			};
			name = Debug;
		};
		73FB5050237CA56B009561F0 /* Release */ = {
			isa = XCBuildConfiguration;
			buildSettings = {
				ASSETCATALOG_COMPILER_APPICON_NAME = AppIcon;
				CODE_SIGN_STYLE = Automatic;
				INFOPLIST_FILE = MyPub/Info.plist;
				IPHONEOS_DEPLOYMENT_TARGET = 11.0;
				LD_RUNPATH_SEARCH_PATHS = (
					"$(inherited)",
					"@executable_path/Frameworks",
				);
				PRODUCT_BUNDLE_IDENTIFIER = com.alexander.lorkowski.MyPub;
				PRODUCT_NAME = "$(TARGET_NAME)";
				SWIFT_VERSION = 5.0;
				TARGETED_DEVICE_FAMILY = 1;
			};
			name = Release;
		};
		73FB5052237CA56B009561F0 /* Debug */ = {
			isa = XCBuildConfiguration;
			buildSettings = {
				ALWAYS_EMBED_SWIFT_STANDARD_LIBRARIES = YES;
				BUNDLE_LOADER = "$(TEST_HOST)";
				CODE_SIGN_STYLE = Automatic;
				INFOPLIST_FILE = MyPubTests/Info.plist;
				IPHONEOS_DEPLOYMENT_TARGET = 13.2;
				LD_RUNPATH_SEARCH_PATHS = (
					"$(inherited)",
					"@executable_path/Frameworks",
					"@loader_path/Frameworks",
				);
				PRODUCT_BUNDLE_IDENTIFIER = com.alexander.lorkowski.MyPubTests;
				PRODUCT_NAME = "$(TARGET_NAME)";
				SWIFT_VERSION = 5.0;
				TARGETED_DEVICE_FAMILY = "1,2";
				TEST_HOST = "$(BUILT_PRODUCTS_DIR)/MyPub.app/MyPub";
			};
			name = Debug;
		};
		73FB5053237CA56B009561F0 /* Release */ = {
			isa = XCBuildConfiguration;
			buildSettings = {
				ALWAYS_EMBED_SWIFT_STANDARD_LIBRARIES = YES;
				BUNDLE_LOADER = "$(TEST_HOST)";
				CODE_SIGN_STYLE = Automatic;
				INFOPLIST_FILE = MyPubTests/Info.plist;
				IPHONEOS_DEPLOYMENT_TARGET = 13.2;
				LD_RUNPATH_SEARCH_PATHS = (
					"$(inherited)",
					"@executable_path/Frameworks",
					"@loader_path/Frameworks",
				);
				PRODUCT_BUNDLE_IDENTIFIER = com.alexander.lorkowski.MyPubTests;
				PRODUCT_NAME = "$(TARGET_NAME)";
				SWIFT_VERSION = 5.0;
				TARGETED_DEVICE_FAMILY = "1,2";
				TEST_HOST = "$(BUILT_PRODUCTS_DIR)/MyPub.app/MyPub";
			};
			name = Release;
		};
/* End XCBuildConfiguration section */

/* Begin XCConfigurationList section */
		73FB502A237CA524009561F0 /* Build configuration list for PBXProject "MyPub" */ = {
			isa = XCConfigurationList;
			buildConfigurations = (
				73FB504C237CA56B009561F0 /* Debug */,
				73FB504D237CA56B009561F0 /* Release */,
			);
			defaultConfigurationIsVisible = 0;
			defaultConfigurationName = Release;
		};
		73FB504E237CA56B009561F0 /* Build configuration list for PBXNativeTarget "MyPub" */ = {
			isa = XCConfigurationList;
			buildConfigurations = (
				73FB504F237CA56B009561F0 /* Debug */,
				73FB5050237CA56B009561F0 /* Release */,
			);
			defaultConfigurationIsVisible = 0;
			defaultConfigurationName = Release;
		};
		73FB5051237CA56B009561F0 /* Build configuration list for PBXNativeTarget "MyPubTests" */ = {
			isa = XCConfigurationList;
			buildConfigurations = (
				73FB5052237CA56B009561F0 /* Debug */,
				73FB5053237CA56B009561F0 /* Release */,
			);
			defaultConfigurationIsVisible = 0;
			defaultConfigurationName = Release;
		};
/* End XCConfigurationList section */
	};
	rootObject = 73FB5027237CA524009561F0 /* Project object */;
}
